// !$*UTF8*$!
{
	archiveVersion = 1;
	classes = {
	};
	objectVersion = 46;
	objects = {

/* Begin PBXBuildFile section */
		7319E8C61E6A71B50043912A /* WeatherRequest.m in Sources */ = {isa = PBXBuildFile; fileRef = 7319E8C51E6A71B50043912A /* WeatherRequest.m */; };
		7319E8CC1E6A75AB0043912A /* DataSingleTon.m in Sources */ = {isa = PBXBuildFile; fileRef = 7319E8CB1E6A75AB0043912A /* DataSingleTon.m */; };
		7319E8CD1E6A75AB0043912A /* DataSingleTon.m in Sources */ = {isa = PBXBuildFile; fileRef = 7319E8CB1E6A75AB0043912A /* DataSingleTon.m */; };
		7319E8D11E6A7EA80043912A /* WEForecastManager.m in Sources */ = {isa = PBXBuildFile; fileRef = 7319E8D01E6A7EA80043912A /* WEForecastManager.m */; };
		7319E8D21E6A7EA80043912A /* WEForecastManager.m in Sources */ = {isa = PBXBuildFile; fileRef = 7319E8D01E6A7EA80043912A /* WEForecastManager.m */; };
		733981391E6D9D6100484BBD /* MainView.m in Sources */ = {isa = PBXBuildFile; fileRef = 733981381E6D9D6100484BBD /* MainView.m */; };
		7339813A1E6D9D6100484BBD /* MainView.m in Sources */ = {isa = PBXBuildFile; fileRef = 733981381E6D9D6100484BBD /* MainView.m */; };
		7339813D1E6EA0E700484BBD /* WECurrentManager.m in Sources */ = {isa = PBXBuildFile; fileRef = 7339813C1E6EA0E700484BBD /* WECurrentManager.m */; };
		7339813E1E6EA0E700484BBD /* WECurrentManager.m in Sources */ = {isa = PBXBuildFile; fileRef = 7339813C1E6EA0E700484BBD /* WECurrentManager.m */; };
		734267F01E66D001005E2B06 /* main.m in Sources */ = {isa = PBXBuildFile; fileRef = 734267EF1E66D001005E2B06 /* main.m */; };
		734267F31E66D001005E2B06 /* AppDelegate.m in Sources */ = {isa = PBXBuildFile; fileRef = 734267F21E66D001005E2B06 /* AppDelegate.m */; };
		734267F61E66D001005E2B06 /* ViewController.m in Sources */ = {isa = PBXBuildFile; fileRef = 734267F51E66D001005E2B06 /* ViewController.m */; };
		734267F91E66D001005E2B06 /* Main.storyboard in Resources */ = {isa = PBXBuildFile; fileRef = 734267F71E66D001005E2B06 /* Main.storyboard */; };
		734267FC1E66D001005E2B06 /* Weather.xcdatamodeld in Sources */ = {isa = PBXBuildFile; fileRef = 734267FA1E66D001005E2B06 /* Weather.xcdatamodeld */; };
		734267FE1E66D001005E2B06 /* Assets.xcassets in Resources */ = {isa = PBXBuildFile; fileRef = 734267FD1E66D001005E2B06 /* Assets.xcassets */; };
		734268011E66D001005E2B06 /* LaunchScreen.storyboard in Resources */ = {isa = PBXBuildFile; fileRef = 734267FF1E66D001005E2B06 /* LaunchScreen.storyboard */; };
		7342680C1E66D001005E2B06 /* WeatherTests.m in Sources */ = {isa = PBXBuildFile; fileRef = 7342680B1E66D001005E2B06 /* WeatherTests.m */; };
		7345DADB1E66EAE60042B51D /* MainWeatherView.xib in Resources */ = {isa = PBXBuildFile; fileRef = 7345DADA1E66EAE60042B51D /* MainWeatherView.xib */; };
		7345DADC1E66EAE60042B51D /* MainWeatherView.xib in Resources */ = {isa = PBXBuildFile; fileRef = 7345DADA1E66EAE60042B51D /* MainWeatherView.xib */; };
		7345DADE1E66FD7F0042B51D /* CoreGraphics.framework in Frameworks */ = {isa = PBXBuildFile; fileRef = 7345DADD1E66FD7F0042B51D /* CoreGraphics.framework */; };
		7345DAE01E66FD8C0042B51D /* CoreData.framework in Frameworks */ = {isa = PBXBuildFile; fileRef = 7345DADF1E66FD8C0042B51D /* CoreData.framework */; };
		7345DAE31E66FEAC0042B51D /* LineChart.m in Sources */ = {isa = PBXBuildFile; fileRef = 7345DAE21E66FEAC0042B51D /* LineChart.m */; };
		7345DAE41E66FEAC0042B51D /* LineChart.m in Sources */ = {isa = PBXBuildFile; fileRef = 7345DAE21E66FEAC0042B51D /* LineChart.m */; };
		7345DB191E6831880042B51D /* MainWeatherView.m in Sources */ = {isa = PBXBuildFile; fileRef = 7345DB181E6831880042B51D /* MainWeatherView.m */; };
		7345DB1A1E6831880042B51D /* MainWeatherView.m in Sources */ = {isa = PBXBuildFile; fileRef = 7345DB181E6831880042B51D /* MainWeatherView.m */; };
		73A35A0D1E73967E0006FDD9 /* CoreLocation.framework in Frameworks */ = {isa = PBXBuildFile; fileRef = 73A35A0C1E73967E0006FDD9 /* CoreLocation.framework */; };
		73A35A101E76B9570006FDD9 /* WeekForecast.m in Sources */ = {isa = PBXBuildFile; fileRef = 73A35A0F1E76B9570006FDD9 /* WeekForecast.m */; };
		73A35A111E76B9570006FDD9 /* WeekForecast.m in Sources */ = {isa = PBXBuildFile; fileRef = 73A35A0F1E76B9570006FDD9 /* WeekForecast.m */; };
		73C96980B993FF6085F86DFC /* libPods-WeatherTests.a in Frameworks */ = {isa = PBXBuildFile; fileRef = CE641A7C3E2D2B480724A6B6 /* libPods-WeatherTests.a */; };
		73DC150A1E80EB720017D47D /* WEWeekRequest.m in Sources */ = {isa = PBXBuildFile; fileRef = 73DC15091E80EB720017D47D /* WEWeekRequest.m */; };
		73DC150B1E80EB720017D47D /* WEWeekRequest.m in Sources */ = {isa = PBXBuildFile; fileRef = 73DC15091E80EB720017D47D /* WEWeekRequest.m */; };
		73DC150E1E811AF80017D47D /* MainController.m in Sources */ = {isa = PBXBuildFile; fileRef = 73DC150D1E811AF80017D47D /* MainController.m */; };
		73DC150F1E811AF80017D47D /* MainController.m in Sources */ = {isa = PBXBuildFile; fileRef = 73DC150D1E811AF80017D47D /* MainController.m */; };
		73DC15111E811B6F0017D47D /* Home.storyboard in Resources */ = {isa = PBXBuildFile; fileRef = 73DC15101E811B6F0017D47D /* Home.storyboard */; };
		73DC15121E811B6F0017D47D /* Home.storyboard in Resources */ = {isa = PBXBuildFile; fileRef = 73DC15101E811B6F0017D47D /* Home.storyboard */; };
		73F2AC201E89059600A6BA8D /* DataModel.m in Sources */ = {isa = PBXBuildFile; fileRef = 73F2AC1F1E89059600A6BA8D /* DataModel.m */; };
		73F2AC211E89059600A6BA8D /* DataModel.m in Sources */ = {isa = PBXBuildFile; fileRef = 73F2AC1F1E89059600A6BA8D /* DataModel.m */; };
		73F2AC241E8930B100A6BA8D /* AddressBook.framework in Frameworks */ = {isa = PBXBuildFile; fileRef = 73F2AC231E8930B100A6BA8D /* AddressBook.framework */; };
		9B14FE754D9A658BABB178F0 /* libPods-Weather.a in Frameworks */ = {isa = PBXBuildFile; fileRef = F193AA5FC7F39513FCB375CE /* libPods-Weather.a */; };
/* End PBXBuildFile section */

/* Begin PBXContainerItemProxy section */
		734268081E66D001005E2B06 /* PBXContainerItemProxy */ = {
			isa = PBXContainerItemProxy;
			containerPortal = 734267E31E66D001005E2B06 /* Project object */;
			proxyType = 1;
			remoteGlobalIDString = 734267EA1E66D001005E2B06;
			remoteInfo = Weather;
		};
/* End PBXContainerItemProxy section */

/* Begin PBXFileReference section */
		7319E8C41E6A71B50043912A /* WeatherRequest.h */ = {isa = PBXFileReference; fileEncoding = 4; lastKnownFileType = sourcecode.c.h; path = WeatherRequest.h; sourceTree = "<group>"; };
		7319E8C51E6A71B50043912A /* WeatherRequest.m */ = {isa = PBXFileReference; fileEncoding = 4; lastKnownFileType = sourcecode.c.objc; path = WeatherRequest.m; sourceTree = "<group>"; };
		7319E8CA1E6A75AB0043912A /* DataSingleTon.h */ = {isa = PBXFileReference; fileEncoding = 4; lastKnownFileType = sourcecode.c.h; path = DataSingleTon.h; sourceTree = "<group>"; };
		7319E8CB1E6A75AB0043912A /* DataSingleTon.m */ = {isa = PBXFileReference; fileEncoding = 4; lastKnownFileType = sourcecode.c.objc; path = DataSingleTon.m; sourceTree = "<group>"; };
		7319E8CF1E6A7EA80043912A /* WEForecastManager.h */ = {isa = PBXFileReference; fileEncoding = 4; lastKnownFileType = sourcecode.c.h; path = WEForecastManager.h; sourceTree = "<group>"; };
		7319E8D01E6A7EA80043912A /* WEForecastManager.m */ = {isa = PBXFileReference; fileEncoding = 4; lastKnownFileType = sourcecode.c.objc; path = WEForecastManager.m; sourceTree = "<group>"; };
		7319E8D31E6A90850043912A /* PrefixHeader.pch */ = {isa = PBXFileReference; fileEncoding = 4; lastKnownFileType = sourcecode.c.h; path = PrefixHeader.pch; sourceTree = "<group>"; };
		733981371E6D9D6100484BBD /* MainView.h */ = {isa = PBXFileReference; fileEncoding = 4; lastKnownFileType = sourcecode.c.h; path = MainView.h; sourceTree = "<group>"; };
		733981381E6D9D6100484BBD /* MainView.m */ = {isa = PBXFileReference; fileEncoding = 4; lastKnownFileType = sourcecode.c.objc; path = MainView.m; sourceTree = "<group>"; };
		7339813B1E6EA0E700484BBD /* WECurrentManager.h */ = {isa = PBXFileReference; fileEncoding = 4; lastKnownFileType = sourcecode.c.h; path = WECurrentManager.h; sourceTree = "<group>"; };
		7339813C1E6EA0E700484BBD /* WECurrentManager.m */ = {isa = PBXFileReference; fileEncoding = 4; lastKnownFileType = sourcecode.c.objc; path = WECurrentManager.m; sourceTree = "<group>"; };
		734267EB1E66D001005E2B06 /* Weather.app */ = {isa = PBXFileReference; explicitFileType = wrapper.application; includeInIndex = 0; path = Weather.app; sourceTree = BUILT_PRODUCTS_DIR; };
		734267EF1E66D001005E2B06 /* main.m */ = {isa = PBXFileReference; lastKnownFileType = sourcecode.c.objc; path = main.m; sourceTree = "<group>"; };
		734267F11E66D001005E2B06 /* AppDelegate.h */ = {isa = PBXFileReference; lastKnownFileType = sourcecode.c.h; path = AppDelegate.h; sourceTree = "<group>"; };
		734267F21E66D001005E2B06 /* AppDelegate.m */ = {isa = PBXFileReference; lastKnownFileType = sourcecode.c.objc; path = AppDelegate.m; sourceTree = "<group>"; };
		734267F41E66D001005E2B06 /* ViewController.h */ = {isa = PBXFileReference; lastKnownFileType = sourcecode.c.h; path = ViewController.h; sourceTree = "<group>"; };
		734267F51E66D001005E2B06 /* ViewController.m */ = {isa = PBXFileReference; lastKnownFileType = sourcecode.c.objc; path = ViewController.m; sourceTree = "<group>"; };
		734267F81E66D001005E2B06 /* Base */ = {isa = PBXFileReference; lastKnownFileType = file.storyboard; name = Base; path = Base.lproj/Main.storyboard; sourceTree = "<group>"; };
		734267FB1E66D001005E2B06 /* Weather.xcdatamodel */ = {isa = PBXFileReference; lastKnownFileType = wrapper.xcdatamodel; path = Weather.xcdatamodel; sourceTree = "<group>"; };
		734267FD1E66D001005E2B06 /* Assets.xcassets */ = {isa = PBXFileReference; lastKnownFileType = folder.assetcatalog; path = Assets.xcassets; sourceTree = "<group>"; };
		734268001E66D001005E2B06 /* Base */ = {isa = PBXFileReference; lastKnownFileType = file.storyboard; name = Base; path = Base.lproj/LaunchScreen.storyboard; sourceTree = "<group>"; };
		734268021E66D001005E2B06 /* Info.plist */ = {isa = PBXFileReference; lastKnownFileType = text.plist.xml; path = Info.plist; sourceTree = "<group>"; };
		734268071E66D001005E2B06 /* WeatherTests.xctest */ = {isa = PBXFileReference; explicitFileType = wrapper.cfbundle; includeInIndex = 0; path = WeatherTests.xctest; sourceTree = BUILT_PRODUCTS_DIR; };
		7342680B1E66D001005E2B06 /* WeatherTests.m */ = {isa = PBXFileReference; lastKnownFileType = sourcecode.c.objc; path = WeatherTests.m; sourceTree = "<group>"; };
		7342680D1E66D001005E2B06 /* Info.plist */ = {isa = PBXFileReference; lastKnownFileType = text.plist.xml; path = Info.plist; sourceTree = "<group>"; };
		7345DADA1E66EAE60042B51D /* MainWeatherView.xib */ = {isa = PBXFileReference; fileEncoding = 4; lastKnownFileType = file.xib; path = MainWeatherView.xib; sourceTree = "<group>"; };
		7345DADD1E66FD7F0042B51D /* CoreGraphics.framework */ = {isa = PBXFileReference; lastKnownFileType = wrapper.framework; name = CoreGraphics.framework; path = System/Library/Frameworks/CoreGraphics.framework; sourceTree = SDKROOT; };
		7345DADF1E66FD8C0042B51D /* CoreData.framework */ = {isa = PBXFileReference; lastKnownFileType = wrapper.framework; name = CoreData.framework; path = System/Library/Frameworks/CoreData.framework; sourceTree = SDKROOT; };
		7345DAE11E66FEAC0042B51D /* LineChart.h */ = {isa = PBXFileReference; fileEncoding = 4; lastKnownFileType = sourcecode.c.h; path = LineChart.h; sourceTree = "<group>"; };
		7345DAE21E66FEAC0042B51D /* LineChart.m */ = {isa = PBXFileReference; fileEncoding = 4; lastKnownFileType = sourcecode.c.objc; path = LineChart.m; sourceTree = "<group>"; };
		7345DB171E6831880042B51D /* MainWeatherView.h */ = {isa = PBXFileReference; fileEncoding = 4; lastKnownFileType = sourcecode.c.h; path = MainWeatherView.h; sourceTree = "<group>"; };
		7345DB181E6831880042B51D /* MainWeatherView.m */ = {isa = PBXFileReference; fileEncoding = 4; lastKnownFileType = sourcecode.c.objc; path = MainWeatherView.m; sourceTree = "<group>"; };
		73A35A0C1E73967E0006FDD9 /* CoreLocation.framework */ = {isa = PBXFileReference; lastKnownFileType = wrapper.framework; name = CoreLocation.framework; path = System/Library/Frameworks/CoreLocation.framework; sourceTree = SDKROOT; };
		73A35A0E1E76B9570006FDD9 /* WeekForecast.h */ = {isa = PBXFileReference; fileEncoding = 4; lastKnownFileType = sourcecode.c.h; path = WeekForecast.h; sourceTree = "<group>"; };
		73A35A0F1E76B9570006FDD9 /* WeekForecast.m */ = {isa = PBXFileReference; fileEncoding = 4; lastKnownFileType = sourcecode.c.objc; path = WeekForecast.m; sourceTree = "<group>"; };
		73DC15081E80EB720017D47D /* WEWeekRequest.h */ = {isa = PBXFileReference; fileEncoding = 4; lastKnownFileType = sourcecode.c.h; path = WEWeekRequest.h; sourceTree = "<group>"; };
		73DC15091E80EB720017D47D /* WEWeekRequest.m */ = {isa = PBXFileReference; fileEncoding = 4; lastKnownFileType = sourcecode.c.objc; path = WEWeekRequest.m; sourceTree = "<group>"; };
		73DC150C1E811AF80017D47D /* MainController.h */ = {isa = PBXFileReference; fileEncoding = 4; lastKnownFileType = sourcecode.c.h; path = MainController.h; sourceTree = "<group>"; };
		73DC150D1E811AF80017D47D /* MainController.m */ = {isa = PBXFileReference; fileEncoding = 4; lastKnownFileType = sourcecode.c.objc; path = MainController.m; sourceTree = "<group>"; };
		73DC15101E811B6F0017D47D /* Home.storyboard */ = {isa = PBXFileReference; fileEncoding = 4; lastKnownFileType = file.storyboard; path = Home.storyboard; sourceTree = "<group>"; };
		73F2AC1E1E89059600A6BA8D /* DataModel.h */ = {isa = PBXFileReference; fileEncoding = 4; lastKnownFileType = sourcecode.c.h; path = DataModel.h; sourceTree = "<group>"; };
		73F2AC1F1E89059600A6BA8D /* DataModel.m */ = {isa = PBXFileReference; fileEncoding = 4; lastKnownFileType = sourcecode.c.objc; path = DataModel.m; sourceTree = "<group>"; };
		73F2AC231E8930B100A6BA8D /* AddressBook.framework */ = {isa = PBXFileReference; lastKnownFileType = wrapper.framework; name = AddressBook.framework; path = System/Library/Frameworks/AddressBook.framework; sourceTree = SDKROOT; };
		99ABCC6D7C3A91540892A6CE /* Pods-Weather.debug.xcconfig */ = {isa = PBXFileReference; includeInIndex = 1; lastKnownFileType = text.xcconfig; name = "Pods-Weather.debug.xcconfig"; path = "Pods/Target Support Files/Pods-Weather/Pods-Weather.debug.xcconfig"; sourceTree = "<group>"; };
		A1FE358210B4FA2376E7E8BE /* Pods-Weather.release.xcconfig */ = {isa = PBXFileReference; includeInIndex = 1; lastKnownFileType = text.xcconfig; name = "Pods-Weather.release.xcconfig"; path = "Pods/Target Support Files/Pods-Weather/Pods-Weather.release.xcconfig"; sourceTree = "<group>"; };
		B4817F700115E0C0CFC52296 /* Pods-WeatherTests.debug.xcconfig */ = {isa = PBXFileReference; includeInIndex = 1; lastKnownFileType = text.xcconfig; name = "Pods-WeatherTests.debug.xcconfig"; path = "Pods/Target Support Files/Pods-WeatherTests/Pods-WeatherTests.debug.xcconfig"; sourceTree = "<group>"; };
		C246AB5912E41EAF08B827D3 /* Pods-WeatherTests.release.xcconfig */ = {isa = PBXFileReference; includeInIndex = 1; lastKnownFileType = text.xcconfig; name = "Pods-WeatherTests.release.xcconfig"; path = "Pods/Target Support Files/Pods-WeatherTests/Pods-WeatherTests.release.xcconfig"; sourceTree = "<group>"; };
		CE641A7C3E2D2B480724A6B6 /* libPods-WeatherTests.a */ = {isa = PBXFileReference; explicitFileType = archive.ar; includeInIndex = 0; path = "libPods-WeatherTests.a"; sourceTree = BUILT_PRODUCTS_DIR; };
		F193AA5FC7F39513FCB375CE /* libPods-Weather.a */ = {isa = PBXFileReference; explicitFileType = archive.ar; includeInIndex = 0; path = "libPods-Weather.a"; sourceTree = BUILT_PRODUCTS_DIR; };
/* End PBXFileReference section */

/* Begin PBXFrameworksBuildPhase section */
		734267E81E66D001005E2B06 /* Frameworks */ = {
			isa = PBXFrameworksBuildPhase;
			buildActionMask = 2147483647;
			files = (
				73F2AC241E8930B100A6BA8D /* AddressBook.framework in Frameworks */,
				73A35A0D1E73967E0006FDD9 /* CoreLocation.framework in Frameworks */,
				7345DAE01E66FD8C0042B51D /* CoreData.framework in Frameworks */,
				7345DADE1E66FD7F0042B51D /* CoreGraphics.framework in Frameworks */,
				9B14FE754D9A658BABB178F0 /* libPods-Weather.a in Frameworks */,
			);
			runOnlyForDeploymentPostprocessing = 0;
		};
		734268041E66D001005E2B06 /* Frameworks */ = {
			isa = PBXFrameworksBuildPhase;
			buildActionMask = 2147483647;
			files = (
				73C96980B993FF6085F86DFC /* libPods-WeatherTests.a in Frameworks */,
			);
			runOnlyForDeploymentPostprocessing = 0;
		};
/* End PBXFrameworksBuildPhase section */

/* Begin PBXGroup section */
		47D6C732D04F5465AE148ACE /* Frameworks */ = {
			isa = PBXGroup;
			children = (
				73F2AC231E8930B100A6BA8D /* AddressBook.framework */,
				73A35A0C1E73967E0006FDD9 /* CoreLocation.framework */,
				7345DADF1E66FD8C0042B51D /* CoreData.framework */,
				7345DADD1E66FD7F0042B51D /* CoreGraphics.framework */,
				F193AA5FC7F39513FCB375CE /* libPods-Weather.a */,
				CE641A7C3E2D2B480724A6B6 /* libPods-WeatherTests.a */,
			);
			name = Frameworks;
			sourceTree = "<group>";
		};
		7319E8C71E6A71C60043912A /* Request */ = {
			isa = PBXGroup;
			children = (
				7319E8C41E6A71B50043912A /* WeatherRequest.h */,
				7319E8C51E6A71B50043912A /* WeatherRequest.m */,
				7319E8CF1E6A7EA80043912A /* WEForecastManager.h */,
				7319E8D01E6A7EA80043912A /* WEForecastManager.m */,
				7339813B1E6EA0E700484BBD /* WECurrentManager.h */,
				7339813C1E6EA0E700484BBD /* WECurrentManager.m */,
				73DC15081E80EB720017D47D /* WEWeekRequest.h */,
				73DC15091E80EB720017D47D /* WEWeekRequest.m */,
			);
			name = Request;
			sourceTree = "<group>";
		};
		7319E8C81E6A71D60043912A /* CustomUI */ = {
			isa = PBXGroup;
			children = (
				7345DAE11E66FEAC0042B51D /* LineChart.h */,
				7345DAE21E66FEAC0042B51D /* LineChart.m */,
				733981371E6D9D6100484BBD /* MainView.h */,
				733981381E6D9D6100484BBD /* MainView.m */,
				73A35A0E1E76B9570006FDD9 /* WeekForecast.h */,
				73A35A0F1E76B9570006FDD9 /* WeekForecast.m */,
			);
			name = CustomUI;
			sourceTree = "<group>";
		};
		7319E8C91E6A71ED0043912A /* MainUI */ = {
			isa = PBXGroup;
			children = (
				7345DADA1E66EAE60042B51D /* MainWeatherView.xib */,
				7345DB171E6831880042B51D /* MainWeatherView.h */,
				7345DB181E6831880042B51D /* MainWeatherView.m */,
			);
			name = MainUI;
			sourceTree = "<group>";
		};
		7319E8CE1E6A75B00043912A /* DataSingleTon */ = {
			isa = PBXGroup;
			children = (
				7319E8CA1E6A75AB0043912A /* DataSingleTon.h */,
				7319E8CB1E6A75AB0043912A /* DataSingleTon.m */,
			);
			name = DataSingleTon;
			sourceTree = "<group>";
		};
		734267E21E66D001005E2B06 = {
			isa = PBXGroup;
			children = (
				734267ED1E66D001005E2B06 /* Weather */,
				7342680A1E66D001005E2B06 /* WeatherTests */,
				734267EC1E66D001005E2B06 /* Products */,
				9AEFAF8D0F6DE709966513C6 /* Pods */,
				47D6C732D04F5465AE148ACE /* Frameworks */,
			);
			sourceTree = "<group>";
		};
		734267EC1E66D001005E2B06 /* Products */ = {
			isa = PBXGroup;
			children = (
				734267EB1E66D001005E2B06 /* Weather.app */,
				734268071E66D001005E2B06 /* WeatherTests.xctest */,
			);
			name = Products;
			sourceTree = "<group>";
		};
		734267ED1E66D001005E2B06 /* Weather */ = {
			isa = PBXGroup;
			children = (
				734267F11E66D001005E2B06 /* AppDelegate.h */,
				734267F21E66D001005E2B06 /* AppDelegate.m */,
				734267F41E66D001005E2B06 /* ViewController.h */,
				734267F51E66D001005E2B06 /* ViewController.m */,
				73DC150C1E811AF80017D47D /* MainController.h */,
				73DC150D1E811AF80017D47D /* MainController.m */,
				73F2AC221E89059C00A6BA8D /* New Group */,
				7319E8CE1E6A75B00043912A /* DataSingleTon */,
				73C1ED001E83D5890068039B /* StoryBoard */,
				7319E8C81E6A71D60043912A /* CustomUI */,
				7319E8C91E6A71ED0043912A /* MainUI */,
				7319E8C71E6A71C60043912A /* Request */,
				734267FD1E66D001005E2B06 /* Assets.xcassets */,
				734267FF1E66D001005E2B06 /* LaunchScreen.storyboard */,
				734268021E66D001005E2B06 /* Info.plist */,
				734267FA1E66D001005E2B06 /* Weather.xcdatamodeld */,
				7319E8D31E6A90850043912A /* PrefixHeader.pch */,
				734267EE1E66D001005E2B06 /* Supporting Files */,
			);
			path = Weather;
			sourceTree = "<group>";
		};
		734267EE1E66D001005E2B06 /* Supporting Files */ = {
			isa = PBXGroup;
			children = (
				734267EF1E66D001005E2B06 /* main.m */,
			);
			name = "Supporting Files";
			sourceTree = "<group>";
		};
		7342680A1E66D001005E2B06 /* WeatherTests */ = {
			isa = PBXGroup;
			children = (
				7342680B1E66D001005E2B06 /* WeatherTests.m */,
				7342680D1E66D001005E2B06 /* Info.plist */,
			);
			path = WeatherTests;
			sourceTree = "<group>";
		};
		73C1ED001E83D5890068039B /* StoryBoard */ = {
			isa = PBXGroup;
			children = (
				734267F71E66D001005E2B06 /* Main.storyboard */,
				73DC15101E811B6F0017D47D /* Home.storyboard */,
			);
			name = StoryBoard;
			sourceTree = "<group>";
		};
		73F2AC221E89059C00A6BA8D /* New Group */ = {
			isa = PBXGroup;
			children = (
				73F2AC1E1E89059600A6BA8D /* DataModel.h */,
				73F2AC1F1E89059600A6BA8D /* DataModel.m */,
			);
			name = "New Group";
			sourceTree = "<group>";
		};
		9AEFAF8D0F6DE709966513C6 /* Pods */ = {
			isa = PBXGroup;
			children = (
				99ABCC6D7C3A91540892A6CE /* Pods-Weather.debug.xcconfig */,
				A1FE358210B4FA2376E7E8BE /* Pods-Weather.release.xcconfig */,
				B4817F700115E0C0CFC52296 /* Pods-WeatherTests.debug.xcconfig */,
				C246AB5912E41EAF08B827D3 /* Pods-WeatherTests.release.xcconfig */,
			);
			name = Pods;
			sourceTree = "<group>";
		};
/* End PBXGroup section */

/* Begin PBXNativeTarget section */
		734267EA1E66D001005E2B06 /* Weather */ = {
			isa = PBXNativeTarget;
			buildConfigurationList = 734268101E66D001005E2B06 /* Build configuration list for PBXNativeTarget "Weather" */;
			buildPhases = (
				FFBA31E7AB3B61696D0B391B /* [CP] Check Pods Manifest.lock */,
				734267E71E66D001005E2B06 /* Sources */,
				734267E81E66D001005E2B06 /* Frameworks */,
				734267E91E66D001005E2B06 /* Resources */,
				5E03EC99C815BDF7E039814B /* [CP] Embed Pods Frameworks */,
				355A663F840DEF37BF7DEC87 /* [CP] Copy Pods Resources */,
			);
			buildRules = (
			);
			dependencies = (
			);
			name = Weather;
			productName = Weather;
			productReference = 734267EB1E66D001005E2B06 /* Weather.app */;
			productType = "com.apple.product-type.application";
		};
		734268061E66D001005E2B06 /* WeatherTests */ = {
			isa = PBXNativeTarget;
			buildConfigurationList = 734268131E66D001005E2B06 /* Build configuration list for PBXNativeTarget "WeatherTests" */;
			buildPhases = (
				58A8F505D2682450959E6C7C /* [CP] Check Pods Manifest.lock */,
				734268031E66D001005E2B06 /* Sources */,
				734268041E66D001005E2B06 /* Frameworks */,
				734268051E66D001005E2B06 /* Resources */,
				955DB9A637F01A60378C7F71 /* [CP] Embed Pods Frameworks */,
				E7CA474DF6338719BF8104C3 /* [CP] Copy Pods Resources */,
			);
			buildRules = (
			);
			dependencies = (
				734268091E66D001005E2B06 /* PBXTargetDependency */,
			);
			name = WeatherTests;
			productName = WeatherTests;
			productReference = 734268071E66D001005E2B06 /* WeatherTests.xctest */;
			productType = "com.apple.product-type.bundle.unit-test";
		};
/* End PBXNativeTarget section */

/* Begin PBXProject section */
		734267E31E66D001005E2B06 /* Project object */ = {
			isa = PBXProject;
			attributes = {
				LastUpgradeCheck = 0820;
				ORGANIZATIONNAME = jakouk;
				TargetAttributes = {
					734267EA1E66D001005E2B06 = {
						CreatedOnToolsVersion = 8.2.1;
						ProvisioningStyle = Automatic;
						SystemCapabilities = {
							com.apple.BackgroundModes = {
								enabled = 1;
							};
						};
					};
					734268061E66D001005E2B06 = {
						CreatedOnToolsVersion = 8.2.1;
						ProvisioningStyle = Automatic;
						TestTargetID = 734267EA1E66D001005E2B06;
					};
				};
			};
			buildConfigurationList = 734267E61E66D001005E2B06 /* Build configuration list for PBXProject "Weather" */;
			compatibilityVersion = "Xcode 3.2";
			developmentRegion = English;
			hasScannedForEncodings = 0;
			knownRegions = (
				en,
				Base,
			);
			mainGroup = 734267E21E66D001005E2B06;
			productRefGroup = 734267EC1E66D001005E2B06 /* Products */;
			projectDirPath = "";
			projectRoot = "";
			targets = (
				734267EA1E66D001005E2B06 /* Weather */,
				734268061E66D001005E2B06 /* WeatherTests */,
			);
		};
/* End PBXProject section */

/* Begin PBXResourcesBuildPhase section */
		734267E91E66D001005E2B06 /* Resources */ = {
			isa = PBXResourcesBuildPhase;
			buildActionMask = 2147483647;
			files = (
				7345DADB1E66EAE60042B51D /* MainWeatherView.xib in Resources */,
				73DC15111E811B6F0017D47D /* Home.storyboard in Resources */,
				734268011E66D001005E2B06 /* LaunchScreen.storyboard in Resources */,
				734267FE1E66D001005E2B06 /* Assets.xcassets in Resources */,
				734267F91E66D001005E2B06 /* Main.storyboard in Resources */,
			);
			runOnlyForDeploymentPostprocessing = 0;
		};
		734268051E66D001005E2B06 /* Resources */ = {
			isa = PBXResourcesBuildPhase;
			buildActionMask = 2147483647;
			files = (
				7345DADC1E66EAE60042B51D /* MainWeatherView.xib in Resources */,
				73DC15121E811B6F0017D47D /* Home.storyboard in Resources */,
			);
			runOnlyForDeploymentPostprocessing = 0;
		};
/* End PBXResourcesBuildPhase section */

/* Begin PBXShellScriptBuildPhase section */
		355A663F840DEF37BF7DEC87 /* [CP] Copy Pods Resources */ = {
			isa = PBXShellScriptBuildPhase;
			buildActionMask = 2147483647;
			files = (
			);
			inputPaths = (
			);
			name = "[CP] Copy Pods Resources";
			outputPaths = (
			);
			runOnlyForDeploymentPostprocessing = 0;
			shellPath = /bin/sh;
			shellScript = "\"${SRCROOT}/Pods/Target Support Files/Pods-Weather/Pods-Weather-resources.sh\"\n";
			showEnvVarsInLog = 0;
		};
		58A8F505D2682450959E6C7C /* [CP] Check Pods Manifest.lock */ = {
			isa = PBXShellScriptBuildPhase;
			buildActionMask = 2147483647;
			files = (
			);
			inputPaths = (
			);
			name = "[CP] Check Pods Manifest.lock";
			outputPaths = (
			);
			runOnlyForDeploymentPostprocessing = 0;
			shellPath = /bin/sh;
			shellScript = "diff \"${PODS_ROOT}/../Podfile.lock\" \"${PODS_ROOT}/Manifest.lock\" > /dev/null\nif [ $? != 0 ] ; then\n    # print error to STDERR\n    echo \"error: The sandbox is not in sync with the Podfile.lock. Run 'pod install' or update your CocoaPods installation.\" >&2\n    exit 1\nfi\n";
			showEnvVarsInLog = 0;
		};
		5E03EC99C815BDF7E039814B /* [CP] Embed Pods Frameworks */ = {
			isa = PBXShellScriptBuildPhase;
			buildActionMask = 2147483647;
			files = (
			);
			inputPaths = (
			);
			name = "[CP] Embed Pods Frameworks";
			outputPaths = (
			);
			runOnlyForDeploymentPostprocessing = 0;
			shellPath = /bin/sh;
			shellScript = "\"${SRCROOT}/Pods/Target Support Files/Pods-Weather/Pods-Weather-frameworks.sh\"\n";
			showEnvVarsInLog = 0;
		};
		955DB9A637F01A60378C7F71 /* [CP] Embed Pods Frameworks */ = {
			isa = PBXShellScriptBuildPhase;
			buildActionMask = 2147483647;
			files = (
			);
			inputPaths = (
			);
			name = "[CP] Embed Pods Frameworks";
			outputPaths = (
			);
			runOnlyForDeploymentPostprocessing = 0;
			shellPath = /bin/sh;
			shellScript = "\"${SRCROOT}/Pods/Target Support Files/Pods-WeatherTests/Pods-WeatherTests-frameworks.sh\"\n";
			showEnvVarsInLog = 0;
		};
		E7CA474DF6338719BF8104C3 /* [CP] Copy Pods Resources */ = {
			isa = PBXShellScriptBuildPhase;
			buildActionMask = 2147483647;
			files = (
			);
			inputPaths = (
			);
			name = "[CP] Copy Pods Resources";
			outputPaths = (
			);
			runOnlyForDeploymentPostprocessing = 0;
			shellPath = /bin/sh;
			shellScript = "\"${SRCROOT}/Pods/Target Support Files/Pods-WeatherTests/Pods-WeatherTests-resources.sh\"\n";
			showEnvVarsInLog = 0;
		};
		FFBA31E7AB3B61696D0B391B /* [CP] Check Pods Manifest.lock */ = {
			isa = PBXShellScriptBuildPhase;
			buildActionMask = 2147483647;
			files = (
			);
			inputPaths = (
			);
			name = "[CP] Check Pods Manifest.lock";
			outputPaths = (
			);
			runOnlyForDeploymentPostprocessing = 0;
			shellPath = /bin/sh;
			shellScript = "diff \"${PODS_ROOT}/../Podfile.lock\" \"${PODS_ROOT}/Manifest.lock\" > /dev/null\nif [ $? != 0 ] ; then\n    # print error to STDERR\n    echo \"error: The sandbox is not in sync with the Podfile.lock. Run 'pod install' or update your CocoaPods installation.\" >&2\n    exit 1\nfi\n";
			showEnvVarsInLog = 0;
		};
/* End PBXShellScriptBuildPhase section */

/* Begin PBXSourcesBuildPhase section */
		734267E71E66D001005E2B06 /* Sources */ = {
			isa = PBXSourcesBuildPhase;
			buildActionMask = 2147483647;
			files = (
				73A35A101E76B9570006FDD9 /* WeekForecast.m in Sources */,
				734267FC1E66D001005E2B06 /* Weather.xcdatamodeld in Sources */,
				734267F61E66D001005E2B06 /* ViewController.m in Sources */,
				7319E8C61E6A71B50043912A /* WeatherRequest.m in Sources */,
				7345DAE31E66FEAC0042B51D /* LineChart.m in Sources */,
				7339813D1E6EA0E700484BBD /* WECurrentManager.m in Sources */,
				734267F31E66D001005E2B06 /* AppDelegate.m in Sources */,
				733981391E6D9D6100484BBD /* MainView.m in Sources */,
				73DC150A1E80EB720017D47D /* WEWeekRequest.m in Sources */,
				7319E8CC1E6A75AB0043912A /* DataSingleTon.m in Sources */,
				7345DB191E6831880042B51D /* MainWeatherView.m in Sources */,
				73F2AC201E89059600A6BA8D /* DataModel.m in Sources */,
				7319E8D11E6A7EA80043912A /* WEForecastManager.m in Sources */,
				73DC150E1E811AF80017D47D /* MainController.m in Sources */,
				734267F01E66D001005E2B06 /* main.m in Sources */,
			);
			runOnlyForDeploymentPostprocessing = 0;
		};
		734268031E66D001005E2B06 /* Sources */ = {
			isa = PBXSourcesBuildPhase;
			buildActionMask = 2147483647;
			files = (
				7345DAE41E66FEAC0042B51D /* LineChart.m in Sources */,
				7319E8CD1E6A75AB0043912A /* DataSingleTon.m in Sources */,
				7319E8D21E6A7EA80043912A /* WEForecastManager.m in Sources */,
				7345DB1A1E6831880042B51D /* MainWeatherView.m in Sources */,
				73A35A111E76B9570006FDD9 /* WeekForecast.m in Sources */,
				7342680C1E66D001005E2B06 /* WeatherTests.m in Sources */,
				7339813A1E6D9D6100484BBD /* MainView.m in Sources */,
				7339813E1E6EA0E700484BBD /* WECurrentManager.m in Sources */,
				73DC150F1E811AF80017D47D /* MainController.m in Sources */,
				73F2AC211E89059600A6BA8D /* DataModel.m in Sources */,
				73DC150B1E80EB720017D47D /* WEWeekRequest.m in Sources */,
			);
			runOnlyForDeploymentPostprocessing = 0;
		};
/* End PBXSourcesBuildPhase section */

/* Begin PBXTargetDependency section */
		734268091E66D001005E2B06 /* PBXTargetDependency */ = {
			isa = PBXTargetDependency;
			target = 734267EA1E66D001005E2B06 /* Weather */;
			targetProxy = 734268081E66D001005E2B06 /* PBXContainerItemProxy */;
		};
/* End PBXTargetDependency section */

/* Begin PBXVariantGroup section */
		734267F71E66D001005E2B06 /* Main.storyboard */ = {
			isa = PBXVariantGroup;
			children = (
				734267F81E66D001005E2B06 /* Base */,
			);
			name = Main.storyboard;
			sourceTree = "<group>";
		};
		734267FF1E66D001005E2B06 /* LaunchScreen.storyboard */ = {
			isa = PBXVariantGroup;
			children = (
				734268001E66D001005E2B06 /* Base */,
			);
			name = LaunchScreen.storyboard;
			sourceTree = "<group>";
		};
/* End PBXVariantGroup section */

/* Begin XCBuildConfiguration section */
		7342680E1E66D001005E2B06 /* Debug */ = {
			isa = XCBuildConfiguration;
			buildSettings = {
				ALWAYS_SEARCH_USER_PATHS = NO;
				CLANG_ANALYZER_NONNULL = YES;
				CLANG_CXX_LANGUAGE_STANDARD = "gnu++0x";
				CLANG_CXX_LIBRARY = "libc++";
				CLANG_ENABLE_MODULES = YES;
				CLANG_ENABLE_OBJC_ARC = YES;
				CLANG_WARN_BOOL_CONVERSION = YES;
				CLANG_WARN_CONSTANT_CONVERSION = YES;
				CLANG_WARN_DIRECT_OBJC_ISA_USAGE = YES_ERROR;
				CLANG_WARN_DOCUMENTATION_COMMENTS = YES;
				CLANG_WARN_EMPTY_BODY = YES;
				CLANG_WARN_ENUM_CONVERSION = YES;
				CLANG_WARN_INFINITE_RECURSION = YES;
				CLANG_WARN_INT_CONVERSION = YES;
				CLANG_WARN_OBJC_ROOT_CLASS = YES_ERROR;
				CLANG_WARN_SUSPICIOUS_MOVE = YES;
				CLANG_WARN_UNREACHABLE_CODE = YES;
				CLANG_WARN__DUPLICATE_METHOD_MATCH = YES;
				"CODE_SIGN_IDENTITY[sdk=iphoneos*]" = "iPhone Developer";
				COPY_PHASE_STRIP = NO;
				DEBUG_INFORMATION_FORMAT = dwarf;
				ENABLE_STRICT_OBJC_MSGSEND = YES;
				ENABLE_TESTABILITY = YES;
				GCC_C_LANGUAGE_STANDARD = gnu99;
				GCC_DYNAMIC_NO_PIC = NO;
				GCC_NO_COMMON_BLOCKS = YES;
				GCC_OPTIMIZATION_LEVEL = 0;
				GCC_PREPROCESSOR_DEFINITIONS = (
					"DEBUG=1",
					"$(inherited)",
				);
				GCC_WARN_64_TO_32_BIT_CONVERSION = YES;
				GCC_WARN_ABOUT_RETURN_TYPE = YES_ERROR;
				GCC_WARN_UNDECLARED_SELECTOR = YES;
				GCC_WARN_UNINITIALIZED_AUTOS = YES_AGGRESSIVE;
				GCC_WARN_UNUSED_FUNCTION = YES;
				GCC_WARN_UNUSED_VARIABLE = YES;
				IPHONEOS_DEPLOYMENT_TARGET = 10.2;
				MTL_ENABLE_DEBUG_INFO = YES;
				ONLY_ACTIVE_ARCH = YES;
				SDKROOT = iphoneos;
				TARGETED_DEVICE_FAMILY = "1,2";
			};
			name = Debug;
		};
		7342680F1E66D001005E2B06 /* Release */ = {
			isa = XCBuildConfiguration;
			buildSettings = {
				ALWAYS_SEARCH_USER_PATHS = NO;
				CLANG_ANALYZER_NONNULL = YES;
				CLANG_CXX_LANGUAGE_STANDARD = "gnu++0x";
				CLANG_CXX_LIBRARY = "libc++";
				CLANG_ENABLE_MODULES = YES;
				CLANG_ENABLE_OBJC_ARC = YES;
				CLANG_WARN_BOOL_CONVERSION = YES;
				CLANG_WARN_CONSTANT_CONVERSION = YES;
				CLANG_WARN_DIRECT_OBJC_ISA_USAGE = YES_ERROR;
				CLANG_WARN_DOCUMENTATION_COMMENTS = YES;
				CLANG_WARN_EMPTY_BODY = YES;
				CLANG_WARN_ENUM_CONVERSION = YES;
				CLANG_WARN_INFINITE_RECURSION = YES;
				CLANG_WARN_INT_CONVERSION = YES;
				CLANG_WARN_OBJC_ROOT_CLASS = YES_ERROR;
				CLANG_WARN_SUSPICIOUS_MOVE = YES;
				CLANG_WARN_UNREACHABLE_CODE = YES;
				CLANG_WARN__DUPLICATE_METHOD_MATCH = YES;
				"CODE_SIGN_IDENTITY[sdk=iphoneos*]" = "iPhone Developer";
				COPY_PHASE_STRIP = NO;
				DEBUG_INFORMATION_FORMAT = "dwarf-with-dsym";
				ENABLE_NS_ASSERTIONS = NO;
				ENABLE_STRICT_OBJC_MSGSEND = YES;
				GCC_C_LANGUAGE_STANDARD = gnu99;
				GCC_NO_COMMON_BLOCKS = YES;
				GCC_WARN_64_TO_32_BIT_CONVERSION = YES;
				GCC_WARN_ABOUT_RETURN_TYPE = YES_ERROR;
				GCC_WARN_UNDECLARED_SELECTOR = YES;
				GCC_WARN_UNINITIALIZED_AUTOS = YES_AGGRESSIVE;
				GCC_WARN_UNUSED_FUNCTION = YES;
				GCC_WARN_UNUSED_VARIABLE = YES;
				IPHONEOS_DEPLOYMENT_TARGET = 10.2;
				MTL_ENABLE_DEBUG_INFO = NO;
				SDKROOT = iphoneos;
				TARGETED_DEVICE_FAMILY = "1,2";
				VALIDATE_PRODUCT = YES;
			};
			name = Release;
		};
		734268111E66D001005E2B06 /* Debug */ = {
			isa = XCBuildConfiguration;
			baseConfigurationReference = 99ABCC6D7C3A91540892A6CE /* Pods-Weather.debug.xcconfig */;
			buildSettings = {
				ASSETCATALOG_COMPILER_APPICON_NAME = AppIcon;
				DEVELOPMENT_TEAM = "";
				GCC_PRECOMPILE_PREFIX_HEADER = YES;
				GCC_PREFIX_HEADER = "$(SRCROOT)/$(PRODUCT_NAME)/PrefixHeader.pch";
				INFOPLIST_FILE = Weather/Info.plist;
				LD_RUNPATH_SEARCH_PATHS = "$(inherited) @executable_path/Frameworks";
				PRODUCT_BUNDLE_IDENTIFIER = com.test.Weather;
				PRODUCT_NAME = "$(TARGET_NAME)";
			};
			name = Debug;
		};
		734268121E66D001005E2B06 /* Release */ = {
			isa = XCBuildConfiguration;
			baseConfigurationReference = A1FE358210B4FA2376E7E8BE /* Pods-Weather.release.xcconfig */;
			buildSettings = {
				ASSETCATALOG_COMPILER_APPICON_NAME = AppIcon;
				DEVELOPMENT_TEAM = "";
				GCC_PRECOMPILE_PREFIX_HEADER = YES;
				GCC_PREFIX_HEADER = "$(SRCROOT)/$(PRODUCT_NAME)/PrefixHeader.pch";
				INFOPLIST_FILE = Weather/Info.plist;
				LD_RUNPATH_SEARCH_PATHS = "$(inherited) @executable_path/Frameworks";
				PRODUCT_BUNDLE_IDENTIFIER = com.test.Weather;
				PRODUCT_NAME = "$(TARGET_NAME)";
			};
			name = Release;
		};
		734268141E66D001005E2B06 /* Debug */ = {
			isa = XCBuildConfiguration;
			baseConfigurationReference = B4817F700115E0C0CFC52296 /* Pods-WeatherTests.debug.xcconfig */;
			buildSettings = {
				BUNDLE_LOADER = "$(TEST_HOST)";
				INFOPLIST_FILE = WeatherTests/Info.plist;
				LD_RUNPATH_SEARCH_PATHS = "$(inherited) @executable_path/Frameworks @loader_path/Frameworks";
				PRODUCT_BUNDLE_IDENTIFIER = com.test.WeatherTests;
				PRODUCT_NAME = "$(TARGET_NAME)";
				TEST_HOST = "$(BUILT_PRODUCTS_DIR)/Weather.app/Weather";
			};
			name = Debug;
		};
		734268151E66D001005E2B06 /* Release */ = {
			isa = XCBuildConfiguration;
			baseConfigurationReference = C246AB5912E41EAF08B827D3 /* Pods-WeatherTests.release.xcconfig */;
			buildSettings = {
				BUNDLE_LOADER = "$(TEST_HOST)";
				INFOPLIST_FILE = WeatherTests/Info.plist;
				LD_RUNPATH_SEARCH_PATHS = "$(inherited) @executable_path/Frameworks @loader_path/Frameworks";
				PRODUCT_BUNDLE_IDENTIFIER = com.test.WeatherTests;
				PRODUCT_NAME = "$(TARGET_NAME)";
				TEST_HOST = "$(BUILT_PRODUCTS_DIR)/Weather.app/Weather";
			};
			name = Release;
		};
/* End XCBuildConfiguration section */

/* Begin XCConfigurationList section */
		734267E61E66D001005E2B06 /* Build configuration list for PBXProject "Weather" */ = {
			isa = XCConfigurationList;
			buildConfigurations = (
				7342680E1E66D001005E2B06 /* Debug */,
				7342680F1E66D001005E2B06 /* Release */,
			);
			defaultConfigurationIsVisible = 0;
			defaultConfigurationName = Release;
		};
		734268101E66D001005E2B06 /* Build configuration list for PBXNativeTarget "Weather" */ = {
			isa = XCConfigurationList;
			buildConfigurations = (
				734268111E66D001005E2B06 /* Debug */,
				734268121E66D001005E2B06 /* Release */,
			);
			defaultConfigurationIsVisible = 0;
			defaultConfigurationName = Release;
		};
		734268131E66D001005E2B06 /* Build configuration list for PBXNativeTarget "WeatherTests" */ = {
			isa = XCConfigurationList;
			buildConfigurations = (
				734268141E66D001005E2B06 /* Debug */,
				734268151E66D001005E2B06 /* Release */,
			);
			defaultConfigurationIsVisible = 0;
			defaultConfigurationName = Release;
		};
/* End XCConfigurationList section */

/* Begin XCVersionGroup section */
		734267FA1E66D001005E2B06 /* Weather.xcdatamodeld */ = {
			isa = XCVersionGroup;
			children = (
				734267FB1E66D001005E2B06 /* Weather.xcdatamodel */,
			);
			currentVersion = 734267FB1E66D001005E2B06 /* Weather.xcdatamodel */;
			path = Weather.xcdatamodeld;
			sourceTree = "<group>";
			versionGroupType = wrapper.xcdatamodel;
		};
/* End XCVersionGroup section */
	};
	rootObject = 734267E31E66D001005E2B06 /* Project object */;
}
